// !$*UTF8*$!
{
	archiveVersion = 1;
	classes = {
	};
	objectVersion = 56;
	objects = {

/* Begin PBXBuildFile section */
		BD2B72EA2B2B932100199AE6 /* LaMeteoApp.swift in Sources */ = {isa = PBXBuildFile; fileRef = BD2B72E92B2B932100199AE6 /* LaMeteoApp.swift */; };
		BD2B72EC2B2B932100199AE6 /* WeatherView.swift in Sources */ = {isa = PBXBuildFile; fileRef = BD2B72EB2B2B932100199AE6 /* WeatherView.swift */; };
		BD2B72EE2B2B932300199AE6 /* Assets.xcassets in Resources */ = {isa = PBXBuildFile; fileRef = BD2B72ED2B2B932300199AE6 /* Assets.xcassets */; };
		BD2B72F12B2B932300199AE6 /* Preview Assets.xcassets in Resources */ = {isa = PBXBuildFile; fileRef = BD2B72F02B2B932300199AE6 /* Preview Assets.xcassets */; };
		BD2B72FB2B2B932300199AE6 /* LaMeteoTests.swift in Sources */ = {isa = PBXBuildFile; fileRef = BD2B72FA2B2B932300199AE6 /* LaMeteoTests.swift */; };
		BD2B73052B2B932300199AE6 /* LaMeteoUITests.swift in Sources */ = {isa = PBXBuildFile; fileRef = BD2B73042B2B932300199AE6 /* LaMeteoUITests.swift */; };
		BD2B73072B2B932300199AE6 /* LaMeteoUITestsLaunchTests.swift in Sources */ = {isa = PBXBuildFile; fileRef = BD2B73062B2B932300199AE6 /* LaMeteoUITestsLaunchTests.swift */; };
		BDA9B9F72B2BA0E400B7ED52 /* WeatherData.swift in Sources */ = {isa = PBXBuildFile; fileRef = BDA9B9F62B2BA0E400B7ED52 /* WeatherData.swift */; };
		BDA9B9FF2B2DE47300B7ED52 /* APIManager.swift in Sources */ = {isa = PBXBuildFile; fileRef = BDA9B9FE2B2DE47300B7ED52 /* APIManager.swift */; };
		BDA9BA012B2DEACE00B7ED52 /* APITestView.swift in Sources */ = {isa = PBXBuildFile; fileRef = BDA9BA002B2DEACE00B7ED52 /* APITestView.swift */; };
		BDAB04F22B35EC1900B438C9 /* ForecastBarView.swift in Sources */ = {isa = PBXBuildFile; fileRef = BDAB04F12B35EC1900B438C9 /* ForecastBarView.swift */; };
		BDDBA0D72B30B8D8001206FC /* CardView.swift in Sources */ = {isa = PBXBuildFile; fileRef = BDDBA0D62B30B8D8001206FC /* CardView.swift */; };
		BDDBA0D92B30C07E001206FC /* LocationsView.swift in Sources */ = {isa = PBXBuildFile; fileRef = BDDBA0D82B30C07E001206FC /* LocationsView.swift */; };
		BDDBA0DE2B31E644001206FC /* MapView.swift in Sources */ = {isa = PBXBuildFile; fileRef = BDDBA0DD2B31E644001206FC /* MapView.swift */; };
		BDDBA0E02B32112E001206FC /* SheetView.swift in Sources */ = {isa = PBXBuildFile; fileRef = BDDBA0DF2B32112E001206FC /* SheetView.swift */; };
		BDDBA0E22B3214CD001206FC /* LocationService.swift in Sources */ = {isa = PBXBuildFile; fileRef = BDDBA0E12B3214CD001206FC /* LocationService.swift */; };
		BDDBA0E42B333A06001206FC /* LocationData.swift in Sources */ = {isa = PBXBuildFile; fileRef = BDDBA0E32B333A06001206FC /* LocationData.swift */; };
		BDDBA0E62B337374001206FC /* WeatherBoxView.swift in Sources */ = {isa = PBXBuildFile; fileRef = BDDBA0E52B337374001206FC /* WeatherBoxView.swift */; };
		BDDBA0E82B338583001206FC /* AdditionalMetricsView.swift in Sources */ = {isa = PBXBuildFile; fileRef = BDDBA0E72B338583001206FC /* AdditionalMetricsView.swift */; };
		BDDBA0EA2B34A5D6001206FC /* LocationStore.swift in Sources */ = {isa = PBXBuildFile; fileRef = BDDBA0E92B34A5D6001206FC /* LocationStore.swift */; };
		BDDBA0EC2B34BCF6001206FC /* LocationEditView.swift in Sources */ = {isa = PBXBuildFile; fileRef = BDDBA0EB2B34BCF6001206FC /* LocationEditView.swift */; };
		BDDBA0EE2B34D286001206FC /* ForecastData.swift in Sources */ = {isa = PBXBuildFile; fileRef = BDDBA0ED2B34D286001206FC /* ForecastData.swift */; };
/* End PBXBuildFile section */

/* Begin PBXContainerItemProxy section */
		BD2B72F72B2B932300199AE6 /* PBXContainerItemProxy */ = {
			isa = PBXContainerItemProxy;
			containerPortal = BD2B72DE2B2B932000199AE6 /* Project object */;
			proxyType = 1;
			remoteGlobalIDString = BD2B72E52B2B932100199AE6;
			remoteInfo = LaMeteo;
		};
		BD2B73012B2B932300199AE6 /* PBXContainerItemProxy */ = {
			isa = PBXContainerItemProxy;
			containerPortal = BD2B72DE2B2B932000199AE6 /* Project object */;
			proxyType = 1;
			remoteGlobalIDString = BD2B72E52B2B932100199AE6;
			remoteInfo = LaMeteo;
		};
/* End PBXContainerItemProxy section */

/* Begin PBXFileReference section */
		BD2B72E62B2B932100199AE6 /* LaMeteo.app */ = {isa = PBXFileReference; explicitFileType = wrapper.application; includeInIndex = 0; path = LaMeteo.app; sourceTree = BUILT_PRODUCTS_DIR; };
		BD2B72E92B2B932100199AE6 /* LaMeteoApp.swift */ = {isa = PBXFileReference; lastKnownFileType = sourcecode.swift; path = LaMeteoApp.swift; sourceTree = "<group>"; };
		BD2B72EB2B2B932100199AE6 /* WeatherView.swift */ = {isa = PBXFileReference; lastKnownFileType = sourcecode.swift; path = WeatherView.swift; sourceTree = "<group>"; };
		BD2B72ED2B2B932300199AE6 /* Assets.xcassets */ = {isa = PBXFileReference; lastKnownFileType = folder.assetcatalog; path = Assets.xcassets; sourceTree = "<group>"; };
		BD2B72F02B2B932300199AE6 /* Preview Assets.xcassets */ = {isa = PBXFileReference; lastKnownFileType = folder.assetcatalog; path = "Preview Assets.xcassets"; sourceTree = "<group>"; };
		BD2B72F62B2B932300199AE6 /* LaMeteoTests.xctest */ = {isa = PBXFileReference; explicitFileType = wrapper.cfbundle; includeInIndex = 0; path = LaMeteoTests.xctest; sourceTree = BUILT_PRODUCTS_DIR; };
		BD2B72FA2B2B932300199AE6 /* LaMeteoTests.swift */ = {isa = PBXFileReference; lastKnownFileType = sourcecode.swift; path = LaMeteoTests.swift; sourceTree = "<group>"; };
		BD2B73002B2B932300199AE6 /* LaMeteoUITests.xctest */ = {isa = PBXFileReference; explicitFileType = wrapper.cfbundle; includeInIndex = 0; path = LaMeteoUITests.xctest; sourceTree = BUILT_PRODUCTS_DIR; };
		BD2B73042B2B932300199AE6 /* LaMeteoUITests.swift */ = {isa = PBXFileReference; lastKnownFileType = sourcecode.swift; path = LaMeteoUITests.swift; sourceTree = "<group>"; };
		BD2B73062B2B932300199AE6 /* LaMeteoUITestsLaunchTests.swift */ = {isa = PBXFileReference; lastKnownFileType = sourcecode.swift; path = LaMeteoUITestsLaunchTests.swift; sourceTree = "<group>"; };
		BDA9B9F62B2BA0E400B7ED52 /* WeatherData.swift */ = {isa = PBXFileReference; lastKnownFileType = sourcecode.swift; path = WeatherData.swift; sourceTree = "<group>"; };
		BDA9B9FE2B2DE47300B7ED52 /* APIManager.swift */ = {isa = PBXFileReference; lastKnownFileType = sourcecode.swift; path = APIManager.swift; sourceTree = "<group>"; };
		BDA9BA002B2DEACE00B7ED52 /* APITestView.swift */ = {isa = PBXFileReference; lastKnownFileType = sourcecode.swift; path = APITestView.swift; sourceTree = "<group>"; };
		BDAB04F12B35EC1900B438C9 /* ForecastBarView.swift */ = {isa = PBXFileReference; lastKnownFileType = sourcecode.swift; path = ForecastBarView.swift; sourceTree = "<group>"; };
		BDDBA0D62B30B8D8001206FC /* CardView.swift */ = {isa = PBXFileReference; lastKnownFileType = sourcecode.swift; path = CardView.swift; sourceTree = "<group>"; };
		BDDBA0D82B30C07E001206FC /* LocationsView.swift */ = {isa = PBXFileReference; lastKnownFileType = sourcecode.swift; path = LocationsView.swift; sourceTree = "<group>"; };
		BDDBA0DD2B31E644001206FC /* MapView.swift */ = {isa = PBXFileReference; lastKnownFileType = sourcecode.swift; path = MapView.swift; sourceTree = "<group>"; };
		BDDBA0DF2B32112E001206FC /* SheetView.swift */ = {isa = PBXFileReference; lastKnownFileType = sourcecode.swift; path = SheetView.swift; sourceTree = "<group>"; };
		BDDBA0E12B3214CD001206FC /* LocationService.swift */ = {isa = PBXFileReference; lastKnownFileType = sourcecode.swift; path = LocationService.swift; sourceTree = "<group>"; };
		BDDBA0E32B333A06001206FC /* LocationData.swift */ = {isa = PBXFileReference; lastKnownFileType = sourcecode.swift; path = LocationData.swift; sourceTree = "<group>"; };
		BDDBA0E52B337374001206FC /* WeatherBoxView.swift */ = {isa = PBXFileReference; lastKnownFileType = sourcecode.swift; path = WeatherBoxView.swift; sourceTree = "<group>"; };
		BDDBA0E72B338583001206FC /* AdditionalMetricsView.swift */ = {isa = PBXFileReference; lastKnownFileType = sourcecode.swift; path = AdditionalMetricsView.swift; sourceTree = "<group>"; };
		BDDBA0E92B34A5D6001206FC /* LocationStore.swift */ = {isa = PBXFileReference; lastKnownFileType = sourcecode.swift; path = LocationStore.swift; sourceTree = "<group>"; };
		BDDBA0EB2B34BCF6001206FC /* LocationEditView.swift */ = {isa = PBXFileReference; lastKnownFileType = sourcecode.swift; path = LocationEditView.swift; sourceTree = "<group>"; };
		BDDBA0ED2B34D286001206FC /* ForecastData.swift */ = {isa = PBXFileReference; lastKnownFileType = sourcecode.swift; path = ForecastData.swift; sourceTree = "<group>"; };
/* End PBXFileReference section */

/* Begin PBXFrameworksBuildPhase section */
		BD2B72E32B2B932100199AE6 /* Frameworks */ = {
			isa = PBXFrameworksBuildPhase;
			buildActionMask = 2147483647;
			files = (
			);
			runOnlyForDeploymentPostprocessing = 0;
		};
		BD2B72F32B2B932300199AE6 /* Frameworks */ = {
			isa = PBXFrameworksBuildPhase;
			buildActionMask = 2147483647;
			files = (
			);
			runOnlyForDeploymentPostprocessing = 0;
		};
		BD2B72FD2B2B932300199AE6 /* Frameworks */ = {
			isa = PBXFrameworksBuildPhase;
			buildActionMask = 2147483647;
			files = (
			);
			runOnlyForDeploymentPostprocessing = 0;
		};
/* End PBXFrameworksBuildPhase section */

/* Begin PBXGroup section */
		BD2B72DD2B2B932000199AE6 = {
			isa = PBXGroup;
			children = (
				BD2B72E82B2B932100199AE6 /* LaMeteo */,
				BD2B72F92B2B932300199AE6 /* LaMeteoTests */,
				BD2B73032B2B932300199AE6 /* LaMeteoUITests */,
				BD2B72E72B2B932100199AE6 /* Products */,
				BDA9B9F92B2CACB500B7ED52 /* Frameworks */,
			);
			sourceTree = "<group>";
		};
		BD2B72E72B2B932100199AE6 /* Products */ = {
			isa = PBXGroup;
			children = (
				BD2B72E62B2B932100199AE6 /* LaMeteo.app */,
				BD2B72F62B2B932300199AE6 /* LaMeteoTests.xctest */,
				BD2B73002B2B932300199AE6 /* LaMeteoUITests.xctest */,
			);
			name = Products;
			sourceTree = "<group>";
		};
		BD2B72E82B2B932100199AE6 /* LaMeteo */ = {
			isa = PBXGroup;
			children = (
				BD2B73142B2B935500199AE6 /* Models */,
				BD2B73132B2B934A00199AE6 /* Views */,
				BD2B72E92B2B932100199AE6 /* LaMeteoApp.swift */,
				BD2B72ED2B2B932300199AE6 /* Assets.xcassets */,
				BD2B72EF2B2B932300199AE6 /* Preview Content */,
			);
			path = LaMeteo;
			sourceTree = "<group>";
		};
		BD2B72EF2B2B932300199AE6 /* Preview Content */ = {
			isa = PBXGroup;
			children = (
				BD2B72F02B2B932300199AE6 /* Preview Assets.xcassets */,
			);
			path = "Preview Content";
			sourceTree = "<group>";
		};
		BD2B72F92B2B932300199AE6 /* LaMeteoTests */ = {
			isa = PBXGroup;
			children = (
				BD2B72FA2B2B932300199AE6 /* LaMeteoTests.swift */,
			);
			path = LaMeteoTests;
			sourceTree = "<group>";
		};
		BD2B73032B2B932300199AE6 /* LaMeteoUITests */ = {
			isa = PBXGroup;
			children = (
				BD2B73042B2B932300199AE6 /* LaMeteoUITests.swift */,
				BD2B73062B2B932300199AE6 /* LaMeteoUITestsLaunchTests.swift */,
			);
			path = LaMeteoUITests;
			sourceTree = "<group>";
		};
		BD2B73132B2B934A00199AE6 /* Views */ = {
			isa = PBXGroup;
			children = (
				BDA9BA002B2DEACE00B7ED52 /* APITestView.swift */,
				BDDBA0D62B30B8D8001206FC /* CardView.swift */,
				BDDBA0D82B30C07E001206FC /* LocationsView.swift */,
				BDDBA0DD2B31E644001206FC /* MapView.swift */,
				BDDBA0DF2B32112E001206FC /* SheetView.swift */,
				BDDBA0EB2B34BCF6001206FC /* LocationEditView.swift */,
				BD2B72EB2B2B932100199AE6 /* WeatherView.swift */,
				BDDBA0E52B337374001206FC /* WeatherBoxView.swift */,
				BDDBA0E72B338583001206FC /* AdditionalMetricsView.swift */,
				BDAB04F12B35EC1900B438C9 /* ForecastBarView.swift */,
			);
			path = Views;
			sourceTree = "<group>";
		};
		BD2B73142B2B935500199AE6 /* Models */ = {
			isa = PBXGroup;
			children = (
				BDDBA0ED2B34D286001206FC /* ForecastData.swift */,
				BDA9B9F62B2BA0E400B7ED52 /* WeatherData.swift */,
				BDDBA0E32B333A06001206FC /* LocationData.swift */,
				BDA9B9FE2B2DE47300B7ED52 /* APIManager.swift */,
				BDDBA0E12B3214CD001206FC /* LocationService.swift */,
				BDDBA0E92B34A5D6001206FC /* LocationStore.swift */,
			);
			path = Models;
			sourceTree = "<group>";
		};
		BDA9B9F92B2CACB500B7ED52 /* Frameworks */ = {
			isa = PBXGroup;
			children = (
			);
			name = Frameworks;
			sourceTree = "<group>";
		};
/* End PBXGroup section */

/* Begin PBXNativeTarget section */
		BD2B72E52B2B932100199AE6 /* LaMeteo */ = {
			isa = PBXNativeTarget;
			buildConfigurationList = BD2B730A2B2B932300199AE6 /* Build configuration list for PBXNativeTarget "LaMeteo" */;
			buildPhases = (
				BD2B72E22B2B932100199AE6 /* Sources */,
				BD2B72E32B2B932100199AE6 /* Frameworks */,
				BD2B72E42B2B932100199AE6 /* Resources */,
			);
			buildRules = (
			);
			dependencies = (
			);
			name = LaMeteo;
			packageProductDependencies = (
			);
			productName = LaMeteo;
			productReference = BD2B72E62B2B932100199AE6 /* LaMeteo.app */;
			productType = "com.apple.product-type.application";
		};
		BD2B72F52B2B932300199AE6 /* LaMeteoTests */ = {
			isa = PBXNativeTarget;
			buildConfigurationList = BD2B730D2B2B932300199AE6 /* Build configuration list for PBXNativeTarget "LaMeteoTests" */;
			buildPhases = (
				BD2B72F22B2B932300199AE6 /* Sources */,
				BD2B72F32B2B932300199AE6 /* Frameworks */,
				BD2B72F42B2B932300199AE6 /* Resources */,
			);
			buildRules = (
			);
			dependencies = (
				BD2B72F82B2B932300199AE6 /* PBXTargetDependency */,
			);
			name = LaMeteoTests;
			productName = LaMeteoTests;
			productReference = BD2B72F62B2B932300199AE6 /* LaMeteoTests.xctest */;
			productType = "com.apple.product-type.bundle.unit-test";
		};
		BD2B72FF2B2B932300199AE6 /* LaMeteoUITests */ = {
			isa = PBXNativeTarget;
			buildConfigurationList = BD2B73102B2B932300199AE6 /* Build configuration list for PBXNativeTarget "LaMeteoUITests" */;
			buildPhases = (
				BD2B72FC2B2B932300199AE6 /* Sources */,
				BD2B72FD2B2B932300199AE6 /* Frameworks */,
				BD2B72FE2B2B932300199AE6 /* Resources */,
			);
			buildRules = (
			);
			dependencies = (
				BD2B73022B2B932300199AE6 /* PBXTargetDependency */,
			);
			name = LaMeteoUITests;
			productName = LaMeteoUITests;
			productReference = BD2B73002B2B932300199AE6 /* LaMeteoUITests.xctest */;
			productType = "com.apple.product-type.bundle.ui-testing";
		};
/* End PBXNativeTarget section */

/* Begin PBXProject section */
		BD2B72DE2B2B932000199AE6 /* Project object */ = {
			isa = PBXProject;
			attributes = {
				BuildIndependentTargetsInParallel = 1;
				LastSwiftUpdateCheck = 1500;
				LastUpgradeCheck = 1500;
				TargetAttributes = {
					BD2B72E52B2B932100199AE6 = {
						CreatedOnToolsVersion = 15.0;
					};
					BD2B72F52B2B932300199AE6 = {
						CreatedOnToolsVersion = 15.0;
						TestTargetID = BD2B72E52B2B932100199AE6;
					};
					BD2B72FF2B2B932300199AE6 = {
						CreatedOnToolsVersion = 15.0;
						TestTargetID = BD2B72E52B2B932100199AE6;
					};
				};
			};
			buildConfigurationList = BD2B72E12B2B932000199AE6 /* Build configuration list for PBXProject "LaMeteo" */;
			compatibilityVersion = "Xcode 14.0";
			developmentRegion = en;
			hasScannedForEncodings = 0;
			knownRegions = (
				en,
				Base,
			);
			mainGroup = BD2B72DD2B2B932000199AE6;
			packageReferences = (
			);
			productRefGroup = BD2B72E72B2B932100199AE6 /* Products */;
			projectDirPath = "";
			projectRoot = "";
			targets = (
				BD2B72E52B2B932100199AE6 /* LaMeteo */,
				BD2B72F52B2B932300199AE6 /* LaMeteoTests */,
				BD2B72FF2B2B932300199AE6 /* LaMeteoUITests */,
			);
		};
/* End PBXProject section */

/* Begin PBXResourcesBuildPhase section */
		BD2B72E42B2B932100199AE6 /* Resources */ = {
			isa = PBXResourcesBuildPhase;
			buildActionMask = 2147483647;
			files = (
				BD2B72F12B2B932300199AE6 /* Preview Assets.xcassets in Resources */,
				BD2B72EE2B2B932300199AE6 /* Assets.xcassets in Resources */,
			);
			runOnlyForDeploymentPostprocessing = 0;
		};
		BD2B72F42B2B932300199AE6 /* Resources */ = {
			isa = PBXResourcesBuildPhase;
			buildActionMask = 2147483647;
			files = (
			);
			runOnlyForDeploymentPostprocessing = 0;
		};
		BD2B72FE2B2B932300199AE6 /* Resources */ = {
			isa = PBXResourcesBuildPhase;
			buildActionMask = 2147483647;
			files = (
			);
			runOnlyForDeploymentPostprocessing = 0;
		};
/* End PBXResourcesBuildPhase section */

/* Begin PBXSourcesBuildPhase section */
		BD2B72E22B2B932100199AE6 /* Sources */ = {
			isa = PBXSourcesBuildPhase;
			buildActionMask = 2147483647;
			files = (
				BDDBA0D72B30B8D8001206FC /* CardView.swift in Sources */,
				BDA9B9FF2B2DE47300B7ED52 /* APIManager.swift in Sources */,
				BDDBA0E02B32112E001206FC /* SheetView.swift in Sources */,
				BDDBA0E82B338583001206FC /* AdditionalMetricsView.swift in Sources */,
				BD2B72EC2B2B932100199AE6 /* WeatherView.swift in Sources */,
				BDAB04F22B35EC1900B438C9 /* ForecastBarView.swift in Sources */,
				BDDBA0EE2B34D286001206FC /* ForecastData.swift in Sources */,
				BDDBA0EA2B34A5D6001206FC /* LocationStore.swift in Sources */,
				BDDBA0E62B337374001206FC /* WeatherBoxView.swift in Sources */,
				BDA9BA012B2DEACE00B7ED52 /* APITestView.swift in Sources */,
				BDDBA0E22B3214CD001206FC /* LocationService.swift in Sources */,
				BDDBA0D92B30C07E001206FC /* LocationsView.swift in Sources */,
				BDDBA0EC2B34BCF6001206FC /* LocationEditView.swift in Sources */,
				BDDBA0DE2B31E644001206FC /* MapView.swift in Sources */,
				BDDBA0E42B333A06001206FC /* LocationData.swift in Sources */,
				BDA9B9F72B2BA0E400B7ED52 /* WeatherData.swift in Sources */,
				BD2B72EA2B2B932100199AE6 /* LaMeteoApp.swift in Sources */,
			);
			runOnlyForDeploymentPostprocessing = 0;
		};
		BD2B72F22B2B932300199AE6 /* Sources */ = {
			isa = PBXSourcesBuildPhase;
			buildActionMask = 2147483647;
			files = (
				BD2B72FB2B2B932300199AE6 /* LaMeteoTests.swift in Sources */,
			);
			runOnlyForDeploymentPostprocessing = 0;
		};
		BD2B72FC2B2B932300199AE6 /* Sources */ = {
			isa = PBXSourcesBuildPhase;
			buildActionMask = 2147483647;
			files = (
				BD2B73072B2B932300199AE6 /* LaMeteoUITestsLaunchTests.swift in Sources */,
				BD2B73052B2B932300199AE6 /* LaMeteoUITests.swift in Sources */,
			);
			runOnlyForDeploymentPostprocessing = 0;
		};
/* End PBXSourcesBuildPhase section */

/* Begin PBXTargetDependency section */
		BD2B72F82B2B932300199AE6 /* PBXTargetDependency */ = {
			isa = PBXTargetDependency;
			target = BD2B72E52B2B932100199AE6 /* LaMeteo */;
			targetProxy = BD2B72F72B2B932300199AE6 /* PBXContainerItemProxy */;
		};
		BD2B73022B2B932300199AE6 /* PBXTargetDependency */ = {
			isa = PBXTargetDependency;
			target = BD2B72E52B2B932100199AE6 /* LaMeteo */;
			targetProxy = BD2B73012B2B932300199AE6 /* PBXContainerItemProxy */;
		};
/* End PBXTargetDependency section */

/* Begin XCBuildConfiguration section */
		BD2B73082B2B932300199AE6 /* Debug */ = {
			isa = XCBuildConfiguration;
			buildSettings = {
				ALWAYS_SEARCH_USER_PATHS = NO;
				ASSETCATALOG_COMPILER_GENERATE_SWIFT_ASSET_SYMBOL_EXTENSIONS = YES;
				CLANG_ANALYZER_NONNULL = YES;
				CLANG_ANALYZER_NUMBER_OBJECT_CONVERSION = YES_AGGRESSIVE;
				CLANG_CXX_LANGUAGE_STANDARD = "gnu++20";
				CLANG_ENABLE_MODULES = YES;
				CLANG_ENABLE_OBJC_ARC = YES;
				CLANG_ENABLE_OBJC_WEAK = YES;
				CLANG_WARN_BLOCK_CAPTURE_AUTORELEASING = YES;
				CLANG_WARN_BOOL_CONVERSION = YES;
				CLANG_WARN_COMMA = YES;
				CLANG_WARN_CONSTANT_CONVERSION = YES;
				CLANG_WARN_DEPRECATED_OBJC_IMPLEMENTATIONS = YES;
				CLANG_WARN_DIRECT_OBJC_ISA_USAGE = YES_ERROR;
				CLANG_WARN_DOCUMENTATION_COMMENTS = YES;
				CLANG_WARN_EMPTY_BODY = YES;
				CLANG_WARN_ENUM_CONVERSION = YES;
				CLANG_WARN_INFINITE_RECURSION = YES;
				CLANG_WARN_INT_CONVERSION = YES;
				CLANG_WARN_NON_LITERAL_NULL_CONVERSION = YES;
				CLANG_WARN_OBJC_IMPLICIT_RETAIN_SELF = YES;
				CLANG_WARN_OBJC_LITERAL_CONVERSION = YES;
				CLANG_WARN_OBJC_ROOT_CLASS = YES_ERROR;
				CLANG_WARN_QUOTED_INCLUDE_IN_FRAMEWORK_HEADER = YES;
				CLANG_WARN_RANGE_LOOP_ANALYSIS = YES;
				CLANG_WARN_STRICT_PROTOTYPES = YES;
				CLANG_WARN_SUSPICIOUS_MOVE = YES;
				CLANG_WARN_UNGUARDED_AVAILABILITY = YES_AGGRESSIVE;
				CLANG_WARN_UNREACHABLE_CODE = YES;
				CLANG_WARN__DUPLICATE_METHOD_MATCH = YES;
				COPY_PHASE_STRIP = NO;
				DEBUG_INFORMATION_FORMAT = dwarf;
				ENABLE_STRICT_OBJC_MSGSEND = YES;
				ENABLE_TESTABILITY = YES;
				ENABLE_USER_SCRIPT_SANDBOXING = YES;
				GCC_C_LANGUAGE_STANDARD = gnu17;
				GCC_DYNAMIC_NO_PIC = NO;
				GCC_NO_COMMON_BLOCKS = YES;
				GCC_OPTIMIZATION_LEVEL = 0;
				GCC_PREPROCESSOR_DEFINITIONS = (
					"DEBUG=1",
					"$(inherited)",
				);
				GCC_WARN_64_TO_32_BIT_CONVERSION = YES;
				GCC_WARN_ABOUT_RETURN_TYPE = YES_ERROR;
				GCC_WARN_UNDECLARED_SELECTOR = YES;
				GCC_WARN_UNINITIALIZED_AUTOS = YES_AGGRESSIVE;
				GCC_WARN_UNUSED_FUNCTION = YES;
				GCC_WARN_UNUSED_VARIABLE = YES;
				IPHONEOS_DEPLOYMENT_TARGET = 17.0;
				LOCALIZATION_PREFERS_STRING_CATALOGS = YES;
				MTL_ENABLE_DEBUG_INFO = INCLUDE_SOURCE;
				MTL_FAST_MATH = YES;
				ONLY_ACTIVE_ARCH = YES;
				SDKROOT = iphoneos;
				SWIFT_ACTIVE_COMPILATION_CONDITIONS = "DEBUG $(inherited)";
				SWIFT_OPTIMIZATION_LEVEL = "-Onone";
			};
			name = Debug;
		};
		BD2B73092B2B932300199AE6 /* Release */ = {
			isa = XCBuildConfiguration;
			buildSettings = {
				ALWAYS_SEARCH_USER_PATHS = NO;
				ASSETCATALOG_COMPILER_GENERATE_SWIFT_ASSET_SYMBOL_EXTENSIONS = YES;
				CLANG_ANALYZER_NONNULL = YES;
				CLANG_ANALYZER_NUMBER_OBJECT_CONVERSION = YES_AGGRESSIVE;
				CLANG_CXX_LANGUAGE_STANDARD = "gnu++20";
				CLANG_ENABLE_MODULES = YES;
				CLANG_ENABLE_OBJC_ARC = YES;
				CLANG_ENABLE_OBJC_WEAK = YES;
				CLANG_WARN_BLOCK_CAPTURE_AUTORELEASING = YES;
				CLANG_WARN_BOOL_CONVERSION = YES;
				CLANG_WARN_COMMA = YES;
				CLANG_WARN_CONSTANT_CONVERSION = YES;
				CLANG_WARN_DEPRECATED_OBJC_IMPLEMENTATIONS = YES;
				CLANG_WARN_DIRECT_OBJC_ISA_USAGE = YES_ERROR;
				CLANG_WARN_DOCUMENTATION_COMMENTS = YES;
				CLANG_WARN_EMPTY_BODY = YES;
				CLANG_WARN_ENUM_CONVERSION = YES;
				CLANG_WARN_INFINITE_RECURSION = YES;
				CLANG_WARN_INT_CONVERSION = YES;
				CLANG_WARN_NON_LITERAL_NULL_CONVERSION = YES;
				CLANG_WARN_OBJC_IMPLICIT_RETAIN_SELF = YES;
				CLANG_WARN_OBJC_LITERAL_CONVERSION = YES;
				CLANG_WARN_OBJC_ROOT_CLASS = YES_ERROR;
				CLANG_WARN_QUOTED_INCLUDE_IN_FRAMEWORK_HEADER = YES;
				CLANG_WARN_RANGE_LOOP_ANALYSIS = YES;
				CLANG_WARN_STRICT_PROTOTYPES = YES;
				CLANG_WARN_SUSPICIOUS_MOVE = YES;
				CLANG_WARN_UNGUARDED_AVAILABILITY = YES_AGGRESSIVE;
				CLANG_WARN_UNREACHABLE_CODE = YES;
				CLANG_WARN__DUPLICATE_METHOD_MATCH = YES;
				COPY_PHASE_STRIP = NO;
				DEBUG_INFORMATION_FORMAT = "dwarf-with-dsym";
				ENABLE_NS_ASSERTIONS = NO;
				ENABLE_STRICT_OBJC_MSGSEND = YES;
				ENABLE_USER_SCRIPT_SANDBOXING = YES;
				GCC_C_LANGUAGE_STANDARD = gnu17;
				GCC_NO_COMMON_BLOCKS = YES;
				GCC_WARN_64_TO_32_BIT_CONVERSION = YES;
				GCC_WARN_ABOUT_RETURN_TYPE = YES_ERROR;
				GCC_WARN_UNDECLARED_SELECTOR = YES;
				GCC_WARN_UNINITIALIZED_AUTOS = YES_AGGRESSIVE;
				GCC_WARN_UNUSED_FUNCTION = YES;
				GCC_WARN_UNUSED_VARIABLE = YES;
				IPHONEOS_DEPLOYMENT_TARGET = 17.0;
				LOCALIZATION_PREFERS_STRING_CATALOGS = YES;
				MTL_ENABLE_DEBUG_INFO = NO;
				MTL_FAST_MATH = YES;
				SDKROOT = iphoneos;
				SWIFT_COMPILATION_MODE = wholemodule;
				VALIDATE_PRODUCT = YES;
			};
			name = Release;
		};
		BD2B730B2B2B932300199AE6 /* Debug */ = {
			isa = XCBuildConfiguration;
			buildSettings = {
				ASSETCATALOG_COMPILER_APPICON_NAME = AppIcon;
				ASSETCATALOG_COMPILER_GLOBAL_ACCENT_COLOR_NAME = AccentColor;
				CODE_SIGN_STYLE = Automatic;
				CURRENT_PROJECT_VERSION = 1;
				DEVELOPMENT_ASSET_PATHS = "\"LaMeteo/Preview Content\"";
				ENABLE_PREVIEWS = YES;
				GENERATE_INFOPLIST_FILE = YES;
				INFOPLIST_KEY_UIApplicationSceneManifest_Generation = YES;
				INFOPLIST_KEY_UIApplicationSupportsIndirectInputEvents = YES;
				INFOPLIST_KEY_UILaunchScreen_Generation = YES;
				INFOPLIST_KEY_UISupportedInterfaceOrientations_iPad = "UIInterfaceOrientationPortrait UIInterfaceOrientationPortraitUpsideDown UIInterfaceOrientationLandscapeLeft UIInterfaceOrientationLandscapeRight";
				INFOPLIST_KEY_UISupportedInterfaceOrientations_iPhone = "UIInterfaceOrientationPortrait UIInterfaceOrientationLandscapeLeft UIInterfaceOrientationLandscapeRight";
				LD_RUNPATH_SEARCH_PATHS = (
					"$(inherited)",
					"@executable_path/Frameworks",
				);
				MARKETING_VERSION = 1.0;
				PRODUCT_BUNDLE_IDENTIFIER = Crossltd.LaMeteo;
				PRODUCT_NAME = "$(TARGET_NAME)";
				SWIFT_EMIT_LOC_STRINGS = YES;
				SWIFT_VERSION = 5.0;
				TARGETED_DEVICE_FAMILY = "1,2";
			};
			name = Debug;
		};
		BD2B730C2B2B932300199AE6 /* Release */ = {
			isa = XCBuildConfiguration;
			buildSettings = {
				ASSETCATALOG_COMPILER_APPICON_NAME = AppIcon;
				ASSETCATALOG_COMPILER_GLOBAL_ACCENT_COLOR_NAME = AccentColor;
				CODE_SIGN_STYLE = Automatic;
				CURRENT_PROJECT_VERSION = 1;
				DEVELOPMENT_ASSET_PATHS = "\"LaMeteo/Preview Content\"";
				ENABLE_PREVIEWS = YES;
				GENERATE_INFOPLIST_FILE = YES;
				INFOPLIST_KEY_UIApplicationSceneManifest_Generation = YES;
				INFOPLIST_KEY_UIApplicationSupportsIndirectInputEvents = YES;
				INFOPLIST_KEY_UILaunchScreen_Generation = YES;
				INFOPLIST_KEY_UISupportedInterfaceOrientations_iPad = "UIInterfaceOrientationPortrait UIInterfaceOrientationPortraitUpsideDown UIInterfaceOrientationLandscapeLeft UIInterfaceOrientationLandscapeRight";
				INFOPLIST_KEY_UISupportedInterfaceOrientations_iPhone = "UIInterfaceOrientationPortrait UIInterfaceOrientationLandscapeLeft UIInterfaceOrientationLandscapeRight";
				LD_RUNPATH_SEARCH_PATHS = (
					"$(inherited)",
					"@executable_path/Frameworks",
				);
				MARKETING_VERSION = 1.0;
				PRODUCT_BUNDLE_IDENTIFIER = Crossltd.LaMeteo;
				PRODUCT_NAME = "$(TARGET_NAME)";
				SWIFT_EMIT_LOC_STRINGS = YES;
				SWIFT_VERSION = 5.0;
				TARGETED_DEVICE_FAMILY = "1,2";
			};
			name = Release;
		};
		BD2B730E2B2B932300199AE6 /* Debug */ = {
			isa = XCBuildConfiguration;
			buildSettings = {
				ALWAYS_EMBED_SWIFT_STANDARD_LIBRARIES = YES;
				BUNDLE_LOADER = "$(TEST_HOST)";
				CODE_SIGN_STYLE = Automatic;
				CURRENT_PROJECT_VERSION = 1;
				GENERATE_INFOPLIST_FILE = YES;
				IPHONEOS_DEPLOYMENT_TARGET = 17.0;
				MARKETING_VERSION = 1.0;
				PRODUCT_BUNDLE_IDENTIFIER = Crossltd.LaMeteoTests;
				PRODUCT_NAME = "$(TARGET_NAME)";
				SWIFT_EMIT_LOC_STRINGS = NO;
				SWIFT_VERSION = 5.0;
				TARGETED_DEVICE_FAMILY = "1,2";
				TEST_HOST = "$(BUILT_PRODUCTS_DIR)/LaMeteo.app/$(BUNDLE_EXECUTABLE_FOLDER_PATH)/LaMeteo";
			};
			name = Debug;
		};
		BD2B730F2B2B932300199AE6 /* Release */ = {
			isa = XCBuildConfiguration;
			buildSettings = {
				ALWAYS_EMBED_SWIFT_STANDARD_LIBRARIES = YES;
				BUNDLE_LOADER = "$(TEST_HOST)";
				CODE_SIGN_STYLE = Automatic;
				CURRENT_PROJECT_VERSION = 1;
				GENERATE_INFOPLIST_FILE = YES;
				IPHONEOS_DEPLOYMENT_TARGET = 17.0;
				MARKETING_VERSION = 1.0;
				PRODUCT_BUNDLE_IDENTIFIER = Crossltd.LaMeteoTests;
				PRODUCT_NAME = "$(TARGET_NAME)";
				SWIFT_EMIT_LOC_STRINGS = NO;
				SWIFT_VERSION = 5.0;
				TARGETED_DEVICE_FAMILY = "1,2";
				TEST_HOST = "$(BUILT_PRODUCTS_DIR)/LaMeteo.app/$(BUNDLE_EXECUTABLE_FOLDER_PATH)/LaMeteo";
			};
			name = Release;
		};
		BD2B73112B2B932300199AE6 /* Debug */ = {
			isa = XCBuildConfiguration;
			buildSettings = {
				ALWAYS_EMBED_SWIFT_STANDARD_LIBRARIES = YES;
				CODE_SIGN_STYLE = Automatic;
				CURRENT_PROJECT_VERSION = 1;
				GENERATE_INFOPLIST_FILE = YES;
				MARKETING_VERSION = 1.0;
				PRODUCT_BUNDLE_IDENTIFIER = Crossltd.LaMeteoUITests;
				PRODUCT_NAME = "$(TARGET_NAME)";
				SWIFT_EMIT_LOC_STRINGS = NO;
				SWIFT_VERSION = 5.0;
				TARGETED_DEVICE_FAMILY = "1,2";
				TEST_TARGET_NAME = LaMeteo;
			};
			name = Debug;
		};
		BD2B73122B2B932300199AE6 /* Release */ = {
			isa = XCBuildConfiguration;
			buildSettings = {
				ALWAYS_EMBED_SWIFT_STANDARD_LIBRARIES = YES;
				CODE_SIGN_STYLE = Automatic;
				CURRENT_PROJECT_VERSION = 1;
				GENERATE_INFOPLIST_FILE = YES;
				MARKETING_VERSION = 1.0;
				PRODUCT_BUNDLE_IDENTIFIER = Crossltd.LaMeteoUITests;
				PRODUCT_NAME = "$(TARGET_NAME)";
				SWIFT_EMIT_LOC_STRINGS = NO;
				SWIFT_VERSION = 5.0;
				TARGETED_DEVICE_FAMILY = "1,2";
				TEST_TARGET_NAME = LaMeteo;
			};
			name = Release;
		};
/* End XCBuildConfiguration section */

/* Begin XCConfigurationList section */
		BD2B72E12B2B932000199AE6 /* Build configuration list for PBXProject "LaMeteo" */ = {
			isa = XCConfigurationList;
			buildConfigurations = (
				BD2B73082B2B932300199AE6 /* Debug */,
				BD2B73092B2B932300199AE6 /* Release */,
			);
			defaultConfigurationIsVisible = 0;
			defaultConfigurationName = Release;
		};
		BD2B730A2B2B932300199AE6 /* Build configuration list for PBXNativeTarget "LaMeteo" */ = {
			isa = XCConfigurationList;
			buildConfigurations = (
				BD2B730B2B2B932300199AE6 /* Debug */,
				BD2B730C2B2B932300199AE6 /* Release */,
			);
			defaultConfigurationIsVisible = 0;
			defaultConfigurationName = Release;
		};
		BD2B730D2B2B932300199AE6 /* Build configuration list for PBXNativeTarget "LaMeteoTests" */ = {
			isa = XCConfigurationList;
			buildConfigurations = (
				BD2B730E2B2B932300199AE6 /* Debug */,
				BD2B730F2B2B932300199AE6 /* Release */,
			);
			defaultConfigurationIsVisible = 0;
			defaultConfigurationName = Release;
		};
		BD2B73102B2B932300199AE6 /* Build configuration list for PBXNativeTarget "LaMeteoUITests" */ = {
			isa = XCConfigurationList;
			buildConfigurations = (
				BD2B73112B2B932300199AE6 /* Debug */,
				BD2B73122B2B932300199AE6 /* Release */,
			);
			defaultConfigurationIsVisible = 0;
			defaultConfigurationName = Release;
		};
/* End XCConfigurationList section */
	};
	rootObject = BD2B72DE2B2B932000199AE6 /* Project object */;
}
